{
	"name": "lite-lists",
	"version": "1.0.0",
	"lockfileVersion": 3,
	"requires": true,
	"packages": {
		"": {
			"name": "lite-lists",
			"version": "1.0.0",
			"license": "ISC",
			"dependencies": {
				"tram-lite": "^2.3.0"
			}
		},
		"node_modules/tram-lite": {
			"version": "2.3.0",
			"resolved": "https://registry.npmjs.org/tram-lite/-/tram-lite-2.3.0.tgz",
			"integrity": "sha512-xIG6RwNP/nLirggmfRZ5C5Yvt431h9dSNWdakJQgkBbrApLc+JaCDKiDFBcjXdCUNna7Y4flOObq9Su/ulEi+Q=="
		}
	}
}
